
Microsoft Visual Studio Solution File, Format Version 12.00
# Visual Studio Version 17
VisualStudioVersion = 17.2.32526.322
MinimumVisualStudioVersion = 10.0.40219.1
Project("{9A19103F-16F7-4668-BE54-9A1E7A4F7556}") = "WdcMon6502DebugAdapter", "WDCMonInterface\WdcMon6502DebugAdapter.csproj", "{087511E7-3A69-4FDD-BB6F-863D6807E05D}"
EndProject
Global
	GlobalSection(SolutionConfigurationPlatforms) = preSolution
		Debug|Any CPU = Debug|Any CPU
		Release|Any CPU = Release|Any CPU
	EndGlobalSection
	GlobalSection(ProjectConfigurationPlatforms) = postSolution
		{087511E7-3A69-4FDD-BB6F-863D6807E05D}.Debug|Any CPU.ActiveCfg = Debug|Any CPU
		{087511E7-3A69-4FDD-BB6F-863D6807E05D}.Debug|Any CPU.Build.0 = Debug|Any CPU
		{087511E7-3A69-4FDD-BB6F-863D6807E05D}.Release|Any CPU.ActiveCfg = Release|Any CPU
		{087511E7-3A69-4FDD-BB6F-863D6807E05D}.Release|Any CPU.Build.0 = Release|Any CPU
	EndGlobalSection
	GlobalSection(SolutionProperties) = preSolution
		HideSolutionNode = FALSE
	EndGlobalSection
	GlobalSection(ExtensibilityGlobals) = postSolution
		SolutionGuid = {229B5605-63C1-4122-977F-F69C6B63D292}
	EndGlobalSection
EndGlobal
